Microsoft Visual Studio Solution File, Format Version 12.00
# Visual Studio Version 17
VisualStudioVersion = 17.5.2.0
MinimumVisualStudioVersion = 10.0.40219.1
Project("{FAE04EC0-301F-11D3-BF4B-00C04F79EFBC}") = "InternshipSystem", "InternshipSystem\InternshipSystem.csproj", "{886E5F0D-6060-57C2-1B99-FA56ADF706ED}"
EndProject
Project("{FAE04EC0-301F-11D3-BF4B-00C04F79EFBC}") = "ITPSystem", "ITPSystem\ITPSystem.csproj", "{F4E11E8D-A99D-0FAF-183E-360512106D01}"
EndProject
Global
	GlobalSection(SolutionConfigurationPlatforms) = preSolution
		Debug|Any CPU = Debug|Any CPU
		Release|Any CPU = Release|Any CPU
	EndGlobalSection
	GlobalSection(ProjectConfigurationPlatforms) = postSolution
		{886E5F0D-6060-57C2-1B99-FA56ADF706ED}.Debug|Any CPU.ActiveCfg = Debug|Any CPU
		{886E5F0D-6060-57C2-1B99-FA56ADF706ED}.Debug|Any CPU.Build.0 = Debug|Any CPU
		{886E5F0D-6060-57C2-1B99-FA56ADF706ED}.Release|Any CPU.ActiveCfg = Release|Any CPU
		{886E5F0D-6060-57C2-1B99-FA56ADF706ED}.Release|Any CPU.Build.0 = Release|Any CPU
		{F4E11E8D-A99D-0FAF-183E-360512106D01}.Debug|Any CPU.ActiveCfg = Debug|Any CPU
		{F4E11E8D-A99D-0FAF-183E-360512106D01}.Debug|Any CPU.Build.0 = Debug|Any CPU
		{F4E11E8D-A99D-0FAF-183E-360512106D01}.Release|Any CPU.ActiveCfg = Release|Any CPU
		{F4E11E8D-A99D-0FAF-183E-360512106D01}.Release|Any CPU.Build.0 = Release|Any CPU
	EndGlobalSection
	GlobalSection(SolutionProperties) = preSolution
		HideSolutionNode = FALSE
	EndGlobalSection
	GlobalSection(ExtensibilityGlobals) = postSolution
		SolutionGuid = {C631CBBD-9637-48BD-80D0-02396CC02AD4}
	EndGlobalSection
EndGlobal
